# auto-generated by grc.converter

id: pyqt_file_message_souce
label: PyQT File Message Source
category: '[pyqt]'

parameters:
-   id: filename
    label: Filename
    dtype: string
    default: /tmp/data.dat
-   id: filetype
    label: File Type
    dtype: enum
    default: '"complex64'
    options: ['"complex64"', '"complex128"', '"float16"', '"float32"', '"float64"',
        '"int8"', '"c_int8"', '"int16"', '"c_int16"', '"int32"', '"c_int32"', '"int64"',
        '"c_int64"', '"uint8"', '"c_uint8"', '"uint16"', '"c_uint16"', '"uint32"',
        '"c_uint32"', '"uint64"', '"c_uint64"']
    option_labels: [Complex64, Complex128, Float16, Float32, Float64, Int8, Complex
            Int8, Int16, Complex Int16, Int32, Complex Int32, Int64, Complex Int64,
        Uint8, Complex Uint8, Uint16, Complex Uint16, Uint32, Complex Uint32, Uint64,
        Complex Uint64]

inputs:
-   domain: message
    id: range
    optional: true
-   domain: message
    id: file_type
    optional: true
-   domain: message
    id: file_open
    optional: true

outputs:
-   domain: message
    id: file_range
    optional: true
-   domain: message
    id: pdus
    optional: true

templates:
    imports: import pyqt
    make: pyqt.file_message_source(${filename}, ${filetype})
    callbacks:
    - set_filetype(${filetype})

file_format: 1
