# auto-generated by grc.converter

id: pyqt_pdu_lambda
label: PDU Message Lambda Block
category: '[pyqt]'

parameters:
-   id: fn
    label: function
    dtype: raw
    default: 'lambda x: x*10'

inputs:
-   domain: message
    id: pdus
    optional: true

outputs:
-   domain: message
    id: pdus
    optional: true

templates:
    imports: import pyqt
    make: pyqt.pdu_lambda(${fn})
    callbacks:
    - set_fn(${fn})

file_format: 1
