# auto-generated by grc.converter

id: pyqt_table
label: PyQT Table
category: '[pyqt]'

parameters:
-   id: row_id
    label: Row Identifier
    dtype: string
    default: '"Id"'
-   id: columns
    label: Columns
    dtype: raw
    default: '["Id", "Col1", "Col2"]'
-   id: gui_hint
    label: GUI Hint
    dtype: gui_hint
    hide: part

inputs:
-   domain: message
    id: pdus
    optional: true

templates:
    imports: import pyqt
    make: |
        <% win = 'self._%s_win'%id %>
        pyqt.table(row_id=${row_id}, columns=${columns})
        self._${id}_win = self.${id};
        ${gui_hint(in)}

file_format: 1
