# auto-generated by grc.converter

id: pyqt_select_input
label: PyQT Select Input
category: '[pyqt]'

parameters:
-   id: gui_hint
    label: GUI Hint
    dtype: gui_hint
    hide: part
-   id: opt
    label: Options
    dtype: raw
    default: '[''c_int16'', ''c_uint16'', ''c_int32'', ''c_uint32'', ''complex64'',
        ''float32'']'

outputs:
-   domain: message
    id: pdus
    optional: true

templates:
    imports: import pyqt
    make: |
        <% win = 'self._%s_win'%id %>
        pyqt.select_input(opt=${opt})
        self._${id}_win = self.${id};
        ${gui_hint(in)}

file_format: 1
